
Microsoft Visual Studio Solution File, Format Version 12.00
# Visual Studio Version 17
VisualStudioVersion = 17.7.34024.191
MinimumVisualStudioVersion = 10.0.40219.1
Project("{8BC9CEB8-8B4A-11D0-8D11-00A0C91BC942}") = "DX12Renderer", "DX12Renderer.vcxproj", "{2D0F6D75-6AEE-4AEF-8A41-E0E399F52760}"
EndProject
Global
	GlobalSection(SolutionConfigurationPlatforms) = preSolution
		Debug|x64 = Debug|x64
		Debug|x86 = Debug|x86
		Release|x64 = Release|x64
		Release|x86 = Release|x86
	EndGlobalSection
	GlobalSection(ProjectConfigurationPlatforms) = postSolution
		{2D0F6D75-6AEE-4AEF-8A41-E0E399F52760}.Debug|x64.ActiveCfg = Debug|x64
		{2D0F6D75-6AEE-4AEF-8A41-E0E399F52760}.Debug|x64.Build.0 = Debug|x64
		{2D0F6D75-6AEE-4AEF-8A41-E0E399F52760}.Debug|x86.ActiveCfg = Debug|Win32
		{2D0F6D75-6AEE-4AEF-8A41-E0E399F52760}.Debug|x86.Build.0 = Debug|Win32
		{2D0F6D75-6AEE-4AEF-8A41-E0E399F52760}.Release|x64.ActiveCfg = Release|x64
		{2D0F6D75-6AEE-4AEF-8A41-E0E399F52760}.Release|x64.Build.0 = Release|x64
		{2D0F6D75-6AEE-4AEF-8A41-E0E399F52760}.Release|x86.ActiveCfg = Release|Win32
		{2D0F6D75-6AEE-4AEF-8A41-E0E399F52760}.Release|x86.Build.0 = Release|Win32
	EndGlobalSection
	GlobalSection(SolutionProperties) = preSolution
		HideSolutionNode = FALSE
	EndGlobalSection
	GlobalSection(ExtensibilityGlobals) = postSolution
		SolutionGuid = {1444EE3B-816E-4114-8C95-559F08E97C29}
	EndGlobalSection
EndGlobal
